
Microsoft Visual Studio Solution File, Format Version 12.00
# Visual Studio Version 17
VisualStudioVersion = 17.5.002.0
MinimumVisualStudioVersion = 10.0.40219.1
Project("{2150E333-8FDC-42A3-9474-1A3956D46DE8}") = "csharp-prep", "csharp-prep", "{9D444EE8-A16A-44F3-8F73-C42039B962F7}"
EndProject
Project("{9A19103F-16F7-4668-BE54-9A1E7A4F7556}") = "Prep1", "csharp-prep\Prep1\Prep1.csproj", "{FFC67E18-8BFA-4BFB-AA5A-38F5E3EA4EB4}"
EndProject
Project("{9A19103F-16F7-4668-BE54-9A1E7A4F7556}") = "Prep2", "csharp-prep\Prep2\Prep2.csproj", "{653398C5-7EDB-47EA-A036-F65AA64BCE2F}"
EndProject
Project("{9A19103F-16F7-4668-BE54-9A1E7A4F7556}") = "Prep3", "csharp-prep\Prep3\Prep3.csproj", "{DA7F679A-9855-4D4E-A464-2598B381012B}"
EndProject
Project("{9A19103F-16F7-4668-BE54-9A1E7A4F7556}") = "Prep4", "csharp-prep\Prep4\Prep4.csproj", "{5B08830C-CFC5-490B-89E1-C860374579D1}"
EndProject
Project("{9A19103F-16F7-4668-BE54-9A1E7A4F7556}") = "Prep5", "csharp-prep\Prep5\Prep5.csproj", "{AB066092-6F78-4D70-BFC8-508C8EEDBE27}"
EndProject
Project("{2150E333-8FDC-42A3-9474-1A3956D46DE8}") = "final", "final", "{990322A7-E9DE-4F30-9276-5322110BA39E}"
EndProject
Project("{9A19103F-16F7-4668-BE54-9A1E7A4F7556}") = "FinalProject", "final\FinalProject\FinalProject.csproj", "{DF7BB580-A5BA-47E9-BF30-2AAB1D493083}"
EndProject
Project("{9A19103F-16F7-4668-BE54-9A1E7A4F7556}") = "Foundation1", "final\Foundation1\Foundation1.csproj", "{633F17C5-49AB-4E71-B8F8-2545F0BD1C3C}"
EndProject
Project("{9A19103F-16F7-4668-BE54-9A1E7A4F7556}") = "Foundation2", "final\Foundation2\Foundation2.csproj", "{42A2C6C0-5015-4722-8818-166D33C82B74}"
EndProject
Project("{9A19103F-16F7-4668-BE54-9A1E7A4F7556}") = "Foundation3", "final\Foundation3\Foundation3.csproj", "{58972DD3-F59D-4851-9678-D3C0EECCC6BA}"
EndProject
Project("{9A19103F-16F7-4668-BE54-9A1E7A4F7556}") = "Foundation4", "final\Foundation4\Foundation4.csproj", "{3D04A124-284C-49A1-AA93-70C17518BE48}"
EndProject
Project("{2150E333-8FDC-42A3-9474-1A3956D46DE8}") = "prepare", "prepare", "{AA92CAD9-91CE-425D-9D17-807847AF6316}"
EndProject
Project("{9A19103F-16F7-4668-BE54-9A1E7A4F7556}") = "Learning02", "prepare\Learning02\Learning02.csproj", "{10262534-7BCE-474F-8077-ED4607D39E2D}"
EndProject
Project("{9A19103F-16F7-4668-BE54-9A1E7A4F7556}") = "Learning03", "prepare\Learning03\Learning03.csproj", "{FCD9CA11-2DD5-47D3-94CA-090088F6E974}"
EndProject
Project("{9A19103F-16F7-4668-BE54-9A1E7A4F7556}") = "Learning04", "prepare\Learning04\Learning04.csproj", "{C159932E-966B-4FE5-BF0F-FB2A57348DDA}"
EndProject
Project("{9A19103F-16F7-4668-BE54-9A1E7A4F7556}") = "Learning05", "prepare\Learning05\Learning05.csproj", "{D79CA19E-C65A-45D0-8D59-6E6D8848CA7A}"
EndProject
Project("{2150E333-8FDC-42A3-9474-1A3956D46DE8}") = "prove", "prove", "{BD0EFF76-0036-43D0-B2BA-E5BBF5BE815C}"
EndProject
Project("{9A19103F-16F7-4668-BE54-9A1E7A4F7556}") = "Develop02", "prove\Develop02\Develop02.csproj", "{243CA281-6CFA-4FCE-ACEE-FC51E0474A35}"
EndProject
Project("{9A19103F-16F7-4668-BE54-9A1E7A4F7556}") = "Develop03", "prove\Develop03\Develop03.csproj", "{7AF9AD74-5F01-44CA-AF38-0553A4BA7404}"
EndProject
Project("{9A19103F-16F7-4668-BE54-9A1E7A4F7556}") = "Develop04", "prove\Develop04\Develop04.csproj", "{3F34D7F4-3612-4B12-8CF7-816CDBAB390D}"
EndProject
Project("{9A19103F-16F7-4668-BE54-9A1E7A4F7556}") = "Develop05", "prove\Develop05\Develop05.csproj", "{5BE64FBC-86C9-4A30-ADC6-46E2B6D08340}"
EndProject
Project("{2150E333-8FDC-42A3-9474-1A3956D46DE8}") = "sandbox", "sandbox", "{877DD4E1-8644-4821-96B8-16CC6544E241}"
EndProject
Project("{9A19103F-16F7-4668-BE54-9A1E7A4F7556}") = "Sandbox", "sandbox\Sandbox\Sandbox.csproj", "{D0BB921E-6C9E-41F0-9E04-9DEADDAE1F82}"
EndProject
Global
	GlobalSection(SolutionConfigurationPlatforms) = preSolution
		Debug|Any CPU = Debug|Any CPU
		Release|Any CPU = Release|Any CPU
	EndGlobalSection
	GlobalSection(ProjectConfigurationPlatforms) = postSolution
		{FFC67E18-8BFA-4BFB-AA5A-38F5E3EA4EB4}.Debug|Any CPU.ActiveCfg = Debug|Any CPU
		{FFC67E18-8BFA-4BFB-AA5A-38F5E3EA4EB4}.Debug|Any CPU.Build.0 = Debug|Any CPU
		{FFC67E18-8BFA-4BFB-AA5A-38F5E3EA4EB4}.Release|Any CPU.ActiveCfg = Release|Any CPU
		{FFC67E18-8BFA-4BFB-AA5A-38F5E3EA4EB4}.Release|Any CPU.Build.0 = Release|Any CPU
		{653398C5-7EDB-47EA-A036-F65AA64BCE2F}.Debug|Any CPU.ActiveCfg = Debug|Any CPU
		{653398C5-7EDB-47EA-A036-F65AA64BCE2F}.Debug|Any CPU.Build.0 = Debug|Any CPU
		{653398C5-7EDB-47EA-A036-F65AA64BCE2F}.Release|Any CPU.ActiveCfg = Release|Any CPU
		{653398C5-7EDB-47EA-A036-F65AA64BCE2F}.Release|Any CPU.Build.0 = Release|Any CPU
		{DA7F679A-9855-4D4E-A464-2598B381012B}.Debug|Any CPU.ActiveCfg = Debug|Any CPU
		{DA7F679A-9855-4D4E-A464-2598B381012B}.Debug|Any CPU.Build.0 = Debug|Any CPU
		{DA7F679A-9855-4D4E-A464-2598B381012B}.Release|Any CPU.ActiveCfg = Release|Any CPU
		{DA7F679A-9855-4D4E-A464-2598B381012B}.Release|Any CPU.Build.0 = Release|Any CPU
		{5B08830C-CFC5-490B-89E1-C860374579D1}.Debug|Any CPU.ActiveCfg = Debug|Any CPU
		{5B08830C-CFC5-490B-89E1-C860374579D1}.Debug|Any CPU.Build.0 = Debug|Any CPU
		{5B08830C-CFC5-490B-89E1-C860374579D1}.Release|Any CPU.ActiveCfg = Release|Any CPU
		{5B08830C-CFC5-490B-89E1-C860374579D1}.Release|Any CPU.Build.0 = Release|Any CPU
		{AB066092-6F78-4D70-BFC8-508C8EEDBE27}.Debug|Any CPU.ActiveCfg = Debug|Any CPU
		{AB066092-6F78-4D70-BFC8-508C8EEDBE27}.Debug|Any CPU.Build.0 = Debug|Any CPU
		{AB066092-6F78-4D70-BFC8-508C8EEDBE27}.Release|Any CPU.ActiveCfg = Release|Any CPU
		{AB066092-6F78-4D70-BFC8-508C8EEDBE27}.Release|Any CPU.Build.0 = Release|Any CPU
		{DF7BB580-A5BA-47E9-BF30-2AAB1D493083}.Debug|Any CPU.ActiveCfg = Debug|Any CPU
		{DF7BB580-A5BA-47E9-BF30-2AAB1D493083}.Debug|Any CPU.Build.0 = Debug|Any CPU
		{DF7BB580-A5BA-47E9-BF30-2AAB1D493083}.Release|Any CPU.ActiveCfg = Release|Any CPU
		{DF7BB580-A5BA-47E9-BF30-2AAB1D493083}.Release|Any CPU.Build.0 = Release|Any CPU
		{633F17C5-49AB-4E71-B8F8-2545F0BD1C3C}.Debug|Any CPU.ActiveCfg = Debug|Any CPU
		{633F17C5-49AB-4E71-B8F8-2545F0BD1C3C}.Debug|Any CPU.Build.0 = Debug|Any CPU
		{633F17C5-49AB-4E71-B8F8-2545F0BD1C3C}.Release|Any CPU.ActiveCfg = Release|Any CPU
		{633F17C5-49AB-4E71-B8F8-2545F0BD1C3C}.Release|Any CPU.Build.0 = Release|Any CPU
		{42A2C6C0-5015-4722-8818-166D33C82B74}.Debug|Any CPU.ActiveCfg = Debug|Any CPU
		{42A2C6C0-5015-4722-8818-166D33C82B74}.Debug|Any CPU.Build.0 = Debug|Any CPU
		{42A2C6C0-5015-4722-8818-166D33C82B74}.Release|Any CPU.ActiveCfg = Release|Any CPU
		{42A2C6C0-5015-4722-8818-166D33C82B74}.Release|Any CPU.Build.0 = Release|Any CPU
		{58972DD3-F59D-4851-9678-D3C0EECCC6BA}.Debug|Any CPU.ActiveCfg = Debug|Any CPU
		{58972DD3-F59D-4851-9678-D3C0EECCC6BA}.Debug|Any CPU.Build.0 = Debug|Any CPU
		{58972DD3-F59D-4851-9678-D3C0EECCC6BA}.Release|Any CPU.ActiveCfg = Release|Any CPU
		{58972DD3-F59D-4851-9678-D3C0EECCC6BA}.Release|Any CPU.Build.0 = Release|Any CPU
		{3D04A124-284C-49A1-AA93-70C17518BE48}.Debug|Any CPU.ActiveCfg = Debug|Any CPU
		{3D04A124-284C-49A1-AA93-70C17518BE48}.Debug|Any CPU.Build.0 = Debug|Any CPU
		{3D04A124-284C-49A1-AA93-70C17518BE48}.Release|Any CPU.ActiveCfg = Release|Any CPU
		{3D04A124-284C-49A1-AA93-70C17518BE48}.Release|Any CPU.Build.0 = Release|Any CPU
		{10262534-7BCE-474F-8077-ED4607D39E2D}.Debug|Any CPU.ActiveCfg = Debug|Any CPU
		{10262534-7BCE-474F-8077-ED4607D39E2D}.Debug|Any CPU.Build.0 = Debug|Any CPU
		{10262534-7BCE-474F-8077-ED4607D39E2D}.Release|Any CPU.ActiveCfg = Release|Any CPU
		{10262534-7BCE-474F-8077-ED4607D39E2D}.Release|Any CPU.Build.0 = Release|Any CPU
		{FCD9CA11-2DD5-47D3-94CA-090088F6E974}.Debug|Any CPU.ActiveCfg = Debug|Any CPU
		{FCD9CA11-2DD5-47D3-94CA-090088F6E974}.Debug|Any CPU.Build.0 = Debug|Any CPU
		{FCD9CA11-2DD5-47D3-94CA-090088F6E974}.Release|Any CPU.ActiveCfg = Release|Any CPU
		{FCD9CA11-2DD5-47D3-94CA-090088F6E974}.Release|Any CPU.Build.0 = Release|Any CPU
		{C159932E-966B-4FE5-BF0F-FB2A57348DDA}.Debug|Any CPU.ActiveCfg = Debug|Any CPU
		{C159932E-966B-4FE5-BF0F-FB2A57348DDA}.Debug|Any CPU.Build.0 = Debug|Any CPU
		{C159932E-966B-4FE5-BF0F-FB2A57348DDA}.Release|Any CPU.ActiveCfg = Release|Any CPU
		{C159932E-966B-4FE5-BF0F-FB2A57348DDA}.Release|Any CPU.Build.0 = Release|Any CPU
		{D79CA19E-C65A-45D0-8D59-6E6D8848CA7A}.Debug|Any CPU.ActiveCfg = Debug|Any CPU
		{D79CA19E-C65A-45D0-8D59-6E6D8848CA7A}.Debug|Any CPU.Build.0 = Debug|Any CPU
		{D79CA19E-C65A-45D0-8D59-6E6D8848CA7A}.Release|Any CPU.ActiveCfg = Release|Any CPU
		{D79CA19E-C65A-45D0-8D59-6E6D8848CA7A}.Release|Any CPU.Build.0 = Release|Any CPU
		{243CA281-6CFA-4FCE-ACEE-FC51E0474A35}.Debug|Any CPU.ActiveCfg = Debug|Any CPU
		{243CA281-6CFA-4FCE-ACEE-FC51E0474A35}.Debug|Any CPU.Build.0 = Debug|Any CPU
		{243CA281-6CFA-4FCE-ACEE-FC51E0474A35}.Release|Any CPU.ActiveCfg = Release|Any CPU
		{243CA281-6CFA-4FCE-ACEE-FC51E0474A35}.Release|Any CPU.Build.0 = Release|Any CPU
		{7AF9AD74-5F01-44CA-AF38-0553A4BA7404}.Debug|Any CPU.ActiveCfg = Debug|Any CPU
		{7AF9AD74-5F01-44CA-AF38-0553A4BA7404}.Debug|Any CPU.Build.0 = Debug|Any CPU
		{7AF9AD74-5F01-44CA-AF38-0553A4BA7404}.Release|Any CPU.ActiveCfg = Release|Any CPU
		{7AF9AD74-5F01-44CA-AF38-0553A4BA7404}.Release|Any CPU.Build.0 = Release|Any CPU
		{3F34D7F4-3612-4B12-8CF7-816CDBAB390D}.Debug|Any CPU.ActiveCfg = Debug|Any CPU
		{3F34D7F4-3612-4B12-8CF7-816CDBAB390D}.Debug|Any CPU.Build.0 = Debug|Any CPU
		{3F34D7F4-3612-4B12-8CF7-816CDBAB390D}.Release|Any CPU.ActiveCfg = Release|Any CPU
		{3F34D7F4-3612-4B12-8CF7-816CDBAB390D}.Release|Any CPU.Build.0 = Release|Any CPU
		{5BE64FBC-86C9-4A30-ADC6-46E2B6D08340}.Debug|Any CPU.ActiveCfg = Debug|Any CPU
		{5BE64FBC-86C9-4A30-ADC6-46E2B6D08340}.Debug|Any CPU.Build.0 = Debug|Any CPU
		{5BE64FBC-86C9-4A30-ADC6-46E2B6D08340}.Release|Any CPU.ActiveCfg = Release|Any CPU
		{5BE64FBC-86C9-4A30-ADC6-46E2B6D08340}.Release|Any CPU.Build.0 = Release|Any CPU
		{D0BB921E-6C9E-41F0-9E04-9DEADDAE1F82}.Debug|Any CPU.ActiveCfg = Debug|Any CPU
		{D0BB921E-6C9E-41F0-9E04-9DEADDAE1F82}.Debug|Any CPU.Build.0 = Debug|Any CPU
		{D0BB921E-6C9E-41F0-9E04-9DEADDAE1F82}.Release|Any CPU.ActiveCfg = Release|Any CPU
		{D0BB921E-6C9E-41F0-9E04-9DEADDAE1F82}.Release|Any CPU.Build.0 = Release|Any CPU
	EndGlobalSection
	GlobalSection(SolutionProperties) = preSolution
		HideSolutionNode = FALSE
	EndGlobalSection
	GlobalSection(NestedProjects) = preSolution
		{FFC67E18-8BFA-4BFB-AA5A-38F5E3EA4EB4} = {9D444EE8-A16A-44F3-8F73-C42039B962F7}
		{653398C5-7EDB-47EA-A036-F65AA64BCE2F} = {9D444EE8-A16A-44F3-8F73-C42039B962F7}
		{DA7F679A-9855-4D4E-A464-2598B381012B} = {9D444EE8-A16A-44F3-8F73-C42039B962F7}
		{5B08830C-CFC5-490B-89E1-C860374579D1} = {9D444EE8-A16A-44F3-8F73-C42039B962F7}
		{AB066092-6F78-4D70-BFC8-508C8EEDBE27} = {9D444EE8-A16A-44F3-8F73-C42039B962F7}
		{DF7BB580-A5BA-47E9-BF30-2AAB1D493083} = {990322A7-E9DE-4F30-9276-5322110BA39E}
		{633F17C5-49AB-4E71-B8F8-2545F0BD1C3C} = {990322A7-E9DE-4F30-9276-5322110BA39E}
		{42A2C6C0-5015-4722-8818-166D33C82B74} = {990322A7-E9DE-4F30-9276-5322110BA39E}
		{58972DD3-F59D-4851-9678-D3C0EECCC6BA} = {990322A7-E9DE-4F30-9276-5322110BA39E}
		{3D04A124-284C-49A1-AA93-70C17518BE48} = {990322A7-E9DE-4F30-9276-5322110BA39E}
		{10262534-7BCE-474F-8077-ED4607D39E2D} = {AA92CAD9-91CE-425D-9D17-807847AF6316}
		{FCD9CA11-2DD5-47D3-94CA-090088F6E974} = {AA92CAD9-91CE-425D-9D17-807847AF6316}
		{C159932E-966B-4FE5-BF0F-FB2A57348DDA} = {AA92CAD9-91CE-425D-9D17-807847AF6316}
		{D79CA19E-C65A-45D0-8D59-6E6D8848CA7A} = {AA92CAD9-91CE-425D-9D17-807847AF6316}
		{243CA281-6CFA-4FCE-ACEE-FC51E0474A35} = {BD0EFF76-0036-43D0-B2BA-E5BBF5BE815C}
		{7AF9AD74-5F01-44CA-AF38-0553A4BA7404} = {BD0EFF76-0036-43D0-B2BA-E5BBF5BE815C}
		{3F34D7F4-3612-4B12-8CF7-816CDBAB390D} = {BD0EFF76-0036-43D0-B2BA-E5BBF5BE815C}
		{5BE64FBC-86C9-4A30-ADC6-46E2B6D08340} = {BD0EFF76-0036-43D0-B2BA-E5BBF5BE815C}
		{D0BB921E-6C9E-41F0-9E04-9DEADDAE1F82} = {877DD4E1-8644-4821-96B8-16CC6544E241}
	EndGlobalSection
	GlobalSection(ExtensibilityGlobals) = postSolution
		SolutionGuid = {2965F50A-5EB7-4D3C-ABF5-31CD86E0E7DC}
	EndGlobalSection
EndGlobal
